
Microsoft Visual Studio Solution File, Format Version 12.00
# Visual Studio Version 17
VisualStudioVersion = 17.14.36616.10 d17.14
MinimumVisualStudioVersion = 10.0.40219.1
Project("{FAE04EC0-301F-11D3-BF4B-00C04F79EFBC}") = "A7K9T2ZQ4M1XG8P5C3RND6L0YVBEZ", "A7K9T2ZQ4M1XG8P5C3RND6L0YVBEZ\A7K9T2ZQ4M1XG8P5C3RND6L0YVBEZ.csproj", "{3B4947EE-12E3-40D6-903D-5E2050C9BF12}"
EndProject
Global
	GlobalSection(SolutionConfigurationPlatforms) = preSolution
		Debug|Any CPU = Debug|Any CPU
		Release|Any CPU = Release|Any CPU
	EndGlobalSection
	GlobalSection(ProjectConfigurationPlatforms) = postSolution
		{3B4947EE-12E3-40D6-903D-5E2050C9BF12}.Debug|Any CPU.ActiveCfg = Debug|Any CPU
		{3B4947EE-12E3-40D6-903D-5E2050C9BF12}.Debug|Any CPU.Build.0 = Debug|Any CPU
		{3B4947EE-12E3-40D6-903D-5E2050C9BF12}.Release|Any CPU.ActiveCfg = Release|Any CPU
		{3B4947EE-12E3-40D6-903D-5E2050C9BF12}.Release|Any CPU.Build.0 = Release|Any CPU
	EndGlobalSection
	GlobalSection(SolutionProperties) = preSolution
		HideSolutionNode = FALSE
	EndGlobalSection
	GlobalSection(ExtensibilityGlobals) = postSolution
		SolutionGuid = {ADDE2BD6-89B2-4211-8805-01B065194379}
	EndGlobalSection
EndGlobal
